<Solution>
  <Project Path="Core.Api/Core.Api.csproj" />
  <Project Path="Core.Application/Core.Application.csproj" />
  <Project Path="Core.Domain/Core.Domain.csproj" />
  <Project Path="Core.Infrastructure/Core.Infrastructure.csproj" />
  <Project Path="Core.Tests/Core.Tests.csproj" />
</Solution>
